
Microsoft Visual Studio Solution File, Format Version 12.00
# Visual Studio Version 17
VisualStudioVersion = 17.3.32825.248
MinimumVisualStudioVersion = 10.0.40219.1
Project("{FAE04EC0-301F-11D3-BF4B-00C04F79EFBC}") = "ToDoListN", "ToDoListN\ToDoListN.csproj", "{EAE5A9FA-9D2A-41ED-B407-090AE6098B3D}"
EndProject
Global
	GlobalSection(SolutionConfigurationPlatforms) = preSolution
		Debug|Any CPU = Debug|Any CPU
		Release|Any CPU = Release|Any CPU
	EndGlobalSection
	GlobalSection(ProjectConfigurationPlatforms) = postSolution
		{EAE5A9FA-9D2A-41ED-B407-090AE6098B3D}.Debug|Any CPU.ActiveCfg = Debug|Any CPU
		{EAE5A9FA-9D2A-41ED-B407-090AE6098B3D}.Debug|Any CPU.Build.0 = Debug|Any CPU
		{EAE5A9FA-9D2A-41ED-B407-090AE6098B3D}.Release|Any CPU.ActiveCfg = Release|Any CPU
		{EAE5A9FA-9D2A-41ED-B407-090AE6098B3D}.Release|Any CPU.Build.0 = Release|Any CPU
	EndGlobalSection
	GlobalSection(SolutionProperties) = preSolution
		HideSolutionNode = FALSE
	EndGlobalSection
	GlobalSection(ExtensibilityGlobals) = postSolution
		SolutionGuid = {05F09009-B700-4ECA-9566-5BE8A8ED24E4}
	EndGlobalSection
EndGlobal
